
Microsoft Visual Studio Solution File, Format Version 12.00
# Visual Studio Version 16
VisualStudioVersion = 16.0.33214.272
MinimumVisualStudioVersion = 10.0.40219.1
Project("{8BC9CEB8-8B4A-11D0-8D11-00A0C91BC942}") = "OOP_HW_23_Svyrydov", "OOP_HW_23_Svyrydov.vcxproj", "{90F10C52-0D49-4071-BE4A-474FBE8DC7FF}"
EndProject
Global
	GlobalSection(SolutionConfigurationPlatforms) = preSolution
		Debug|x64 = Debug|x64
		Debug|x86 = Debug|x86
		Release|x64 = Release|x64
		Release|x86 = Release|x86
	EndGlobalSection
	GlobalSection(ProjectConfigurationPlatforms) = postSolution
		{90F10C52-0D49-4071-BE4A-474FBE8DC7FF}.Debug|x64.ActiveCfg = Debug|x64
		{90F10C52-0D49-4071-BE4A-474FBE8DC7FF}.Debug|x64.Build.0 = Debug|x64
		{90F10C52-0D49-4071-BE4A-474FBE8DC7FF}.Debug|x86.ActiveCfg = Debug|Win32
		{90F10C52-0D49-4071-BE4A-474FBE8DC7FF}.Debug|x86.Build.0 = Debug|Win32
		{90F10C52-0D49-4071-BE4A-474FBE8DC7FF}.Release|x64.ActiveCfg = Release|x64
		{90F10C52-0D49-4071-BE4A-474FBE8DC7FF}.Release|x64.Build.0 = Release|x64
		{90F10C52-0D49-4071-BE4A-474FBE8DC7FF}.Release|x86.ActiveCfg = Release|Win32
		{90F10C52-0D49-4071-BE4A-474FBE8DC7FF}.Release|x86.Build.0 = Release|Win32
	EndGlobalSection
	GlobalSection(SolutionProperties) = preSolution
		HideSolutionNode = FALSE
	EndGlobalSection
	GlobalSection(ExtensibilityGlobals) = postSolution
		SolutionGuid = {EECDC6D1-C70A-4A60-BD7A-9010B57330D8}
	EndGlobalSection
EndGlobal
